dependencies:
- name: vcluster
  repository: https://charts.loft.sh
  version: 0.16.3
- name: sulfoxide-bromine
  repository: oci://ghcr.io/atomicloud/sulfoxide.bromine
  version: 1.2.3
digest: sha256:8d197bf2541c5f1da45270c920c5557f0d49c96413201d01cf2071cef794f615
generated: "2023-10-21T00:50:49.143274+08:00"
