dependencies:
- name: vcluster-k8s
  repository: https://charts.loft.sh
  version: 0.19.7
- name: sulfoxide-bromine
  repository: oci://ghcr.io/atomicloud/sulfoxide.bromine
  version: 1.6.0
digest: sha256:63c7c45765673eccb56838222b842f1993333b1942318fe79f491ecd16a0adc1
generated: "2024-08-11T16:44:35.903719+08:00"
